
Microsoft Visual Studio Solution File, Format Version 12.00
# Visual Studio Version 16
VisualStudioVersion = 25.0.1704.2
MinimumVisualStudioVersion = 10.0.40219.1
Project("{FAE04EC0-301F-11D3-BF4B-00C04F79EFBC}") = "StringVariables", "StringVariables\StringVariables.csproj", "{8E448DB0-E304-4074-A56B-F9BD0423FBE2}"
EndProject
Global
	GlobalSection(SolutionConfigurationPlatforms) = preSolution
		Debug|Any CPU = Debug|Any CPU
		Release|Any CPU = Release|Any CPU
	EndGlobalSection
	GlobalSection(ProjectConfigurationPlatforms) = postSolution
		{8E448DB0-E304-4074-A56B-F9BD0423FBE2}.Debug|Any CPU.ActiveCfg = Debug|Any CPU
		{8E448DB0-E304-4074-A56B-F9BD0423FBE2}.Debug|Any CPU.Build.0 = Debug|Any CPU
		{8E448DB0-E304-4074-A56B-F9BD0423FBE2}.Release|Any CPU.ActiveCfg = Release|Any CPU
		{8E448DB0-E304-4074-A56B-F9BD0423FBE2}.Release|Any CPU.Build.0 = Release|Any CPU
	EndGlobalSection
	GlobalSection(SolutionProperties) = preSolution
		HideSolutionNode = FALSE
	EndGlobalSection
	GlobalSection(ExtensibilityGlobals) = postSolution
		SolutionGuid = {FA2D6C8C-B595-4FCD-A9E5-646B7DB3E8B1}
	EndGlobalSection
EndGlobal
