
Microsoft Visual Studio Solution File, Format Version 12.00
# Visual Studio Version 16
VisualStudioVersion = 25.0.1704.2
MinimumVisualStudioVersion = 10.0.40219.1
Project("{FAE04EC0-301F-11D3-BF4B-00C04F79EFBC}") = "BasicIf", "BasicIf\BasicIf.csproj", "{8385B8BA-8155-462C-9F7D-F28BCC57A836}"
EndProject
Global
	GlobalSection(SolutionConfigurationPlatforms) = preSolution
		Debug|Any CPU = Debug|Any CPU
		Release|Any CPU = Release|Any CPU
	EndGlobalSection
	GlobalSection(ProjectConfigurationPlatforms) = postSolution
		{8385B8BA-8155-462C-9F7D-F28BCC57A836}.Debug|Any CPU.ActiveCfg = Debug|Any CPU
		{8385B8BA-8155-462C-9F7D-F28BCC57A836}.Debug|Any CPU.Build.0 = Debug|Any CPU
		{8385B8BA-8155-462C-9F7D-F28BCC57A836}.Release|Any CPU.ActiveCfg = Release|Any CPU
		{8385B8BA-8155-462C-9F7D-F28BCC57A836}.Release|Any CPU.Build.0 = Release|Any CPU
	EndGlobalSection
	GlobalSection(SolutionProperties) = preSolution
		HideSolutionNode = FALSE
	EndGlobalSection
	GlobalSection(ExtensibilityGlobals) = postSolution
		SolutionGuid = {3B04AF65-B530-4E1C-999D-82390BDE80E5}
	EndGlobalSection
EndGlobal
