
Microsoft Visual Studio Solution File, Format Version 12.00
# Visual Studio Version 16
VisualStudioVersion = 25.0.1704.2
MinimumVisualStudioVersion = 10.0.40219.1
Project("{FAE04EC0-301F-11D3-BF4B-00C04F79EFBC}") = "TimStudentCheck", "TimStudentCheck\TimStudentCheck.csproj", "{BE1044D4-D645-44CA-AF70-345CB6EE1CEC}"
EndProject
Global
	GlobalSection(SolutionConfigurationPlatforms) = preSolution
		Debug|Any CPU = Debug|Any CPU
		Release|Any CPU = Release|Any CPU
	EndGlobalSection
	GlobalSection(ProjectConfigurationPlatforms) = postSolution
		{BE1044D4-D645-44CA-AF70-345CB6EE1CEC}.Debug|Any CPU.ActiveCfg = Debug|Any CPU
		{BE1044D4-D645-44CA-AF70-345CB6EE1CEC}.Debug|Any CPU.Build.0 = Debug|Any CPU
		{BE1044D4-D645-44CA-AF70-345CB6EE1CEC}.Release|Any CPU.ActiveCfg = Release|Any CPU
		{BE1044D4-D645-44CA-AF70-345CB6EE1CEC}.Release|Any CPU.Build.0 = Release|Any CPU
	EndGlobalSection
	GlobalSection(SolutionProperties) = preSolution
		HideSolutionNode = FALSE
	EndGlobalSection
	GlobalSection(ExtensibilityGlobals) = postSolution
		SolutionGuid = {6FEAAA02-3849-4E8E-836C-856E75180969}
	EndGlobalSection
EndGlobal
