
Microsoft Visual Studio Solution File, Format Version 12.00
# Visual Studio Version 16
VisualStudioVersion = 25.0.1704.2
MinimumVisualStudioVersion = 10.0.40219.1
Project("{FAE04EC0-301F-11D3-BF4B-00C04F79EFBC}") = "TypeConversion", "TypeConversion\TypeConversion.csproj", "{943FEC99-70E5-4847-9650-816293180DE9}"
EndProject
Global
	GlobalSection(SolutionConfigurationPlatforms) = preSolution
		Debug|Any CPU = Debug|Any CPU
		Release|Any CPU = Release|Any CPU
	EndGlobalSection
	GlobalSection(ProjectConfigurationPlatforms) = postSolution
		{943FEC99-70E5-4847-9650-816293180DE9}.Debug|Any CPU.ActiveCfg = Debug|Any CPU
		{943FEC99-70E5-4847-9650-816293180DE9}.Debug|Any CPU.Build.0 = Debug|Any CPU
		{943FEC99-70E5-4847-9650-816293180DE9}.Release|Any CPU.ActiveCfg = Release|Any CPU
		{943FEC99-70E5-4847-9650-816293180DE9}.Release|Any CPU.Build.0 = Release|Any CPU
	EndGlobalSection
	GlobalSection(SolutionProperties) = preSolution
		HideSolutionNode = FALSE
	EndGlobalSection
	GlobalSection(ExtensibilityGlobals) = postSolution
		SolutionGuid = {E80809D5-05F5-4D44-B968-A5A5D8938D9F}
	EndGlobalSection
EndGlobal
