
Microsoft Visual Studio Solution File, Format Version 12.00
# Visual Studio Version 16
VisualStudioVersion = 25.0.1704.2
MinimumVisualStudioVersion = 10.0.40219.1
Project("{FAE04EC0-301F-11D3-BF4B-00C04F79EFBC}") = "DecimalVariables", "DecimalVariables\DecimalVariables.csproj", "{6FBC6C6C-A9F3-4AD4-A456-C75D41BF56DA}"
EndProject
Global
	GlobalSection(SolutionConfigurationPlatforms) = preSolution
		Debug|Any CPU = Debug|Any CPU
		Release|Any CPU = Release|Any CPU
	EndGlobalSection
	GlobalSection(ProjectConfigurationPlatforms) = postSolution
		{6FBC6C6C-A9F3-4AD4-A456-C75D41BF56DA}.Debug|Any CPU.ActiveCfg = Debug|Any CPU
		{6FBC6C6C-A9F3-4AD4-A456-C75D41BF56DA}.Debug|Any CPU.Build.0 = Debug|Any CPU
		{6FBC6C6C-A9F3-4AD4-A456-C75D41BF56DA}.Release|Any CPU.ActiveCfg = Release|Any CPU
		{6FBC6C6C-A9F3-4AD4-A456-C75D41BF56DA}.Release|Any CPU.Build.0 = Release|Any CPU
	EndGlobalSection
	GlobalSection(SolutionProperties) = preSolution
		HideSolutionNode = FALSE
	EndGlobalSection
	GlobalSection(ExtensibilityGlobals) = postSolution
		SolutionGuid = {5F969401-6BFA-4A2B-BA43-CD94626D0E5E}
	EndGlobalSection
EndGlobal
