
Microsoft Visual Studio Solution File, Format Version 12.00
# Visual Studio Version 16
VisualStudioVersion = 25.0.1704.2
MinimumVisualStudioVersion = 10.0.40219.1
Project("{FAE04EC0-301F-11D3-BF4B-00C04F79EFBC}") = "ForLoops", "ForLoops\ForLoops.csproj", "{4C0B39B0-1E39-4118-A6D5-381B2DDAD6D4}"
EndProject
Global
	GlobalSection(SolutionConfigurationPlatforms) = preSolution
		Debug|Any CPU = Debug|Any CPU
		Release|Any CPU = Release|Any CPU
	EndGlobalSection
	GlobalSection(ProjectConfigurationPlatforms) = postSolution
		{4C0B39B0-1E39-4118-A6D5-381B2DDAD6D4}.Debug|Any CPU.ActiveCfg = Debug|Any CPU
		{4C0B39B0-1E39-4118-A6D5-381B2DDAD6D4}.Debug|Any CPU.Build.0 = Debug|Any CPU
		{4C0B39B0-1E39-4118-A6D5-381B2DDAD6D4}.Release|Any CPU.ActiveCfg = Release|Any CPU
		{4C0B39B0-1E39-4118-A6D5-381B2DDAD6D4}.Release|Any CPU.Build.0 = Release|Any CPU
	EndGlobalSection
	GlobalSection(SolutionProperties) = preSolution
		HideSolutionNode = FALSE
	EndGlobalSection
	GlobalSection(ExtensibilityGlobals) = postSolution
		SolutionGuid = {3D6E44F1-3C25-4B25-9D85-71573BB42467}
	EndGlobalSection
EndGlobal
