
Microsoft Visual Studio Solution File, Format Version 12.00
# Visual Studio Version 16
VisualStudioVersion = 25.0.1704.2
MinimumVisualStudioVersion = 10.0.40219.1
Project("{FAE04EC0-301F-11D3-BF4B-00C04F79EFBC}") = "Dictionaries", "Dictionaries\Dictionaries.csproj", "{ECE1DCCE-6C3E-4D6D-A694-A26355A0F87C}"
EndProject
Global
	GlobalSection(SolutionConfigurationPlatforms) = preSolution
		Debug|Any CPU = Debug|Any CPU
		Release|Any CPU = Release|Any CPU
	EndGlobalSection
	GlobalSection(ProjectConfigurationPlatforms) = postSolution
		{ECE1DCCE-6C3E-4D6D-A694-A26355A0F87C}.Debug|Any CPU.ActiveCfg = Debug|Any CPU
		{ECE1DCCE-6C3E-4D6D-A694-A26355A0F87C}.Debug|Any CPU.Build.0 = Debug|Any CPU
		{ECE1DCCE-6C3E-4D6D-A694-A26355A0F87C}.Release|Any CPU.ActiveCfg = Release|Any CPU
		{ECE1DCCE-6C3E-4D6D-A694-A26355A0F87C}.Release|Any CPU.Build.0 = Release|Any CPU
	EndGlobalSection
	GlobalSection(SolutionProperties) = preSolution
		HideSolutionNode = FALSE
	EndGlobalSection
	GlobalSection(ExtensibilityGlobals) = postSolution
		SolutionGuid = {041B3AEE-DFF7-4857-9749-0586D8C88B14}
	EndGlobalSection
EndGlobal
